
Microsoft Visual Studio Solution File, Format Version 12.00
# Visual Studio 15
Project("{FAE04EC0-301F-11D3-BF4B-00C04F79EFBC}") = "Assembly-CSharp", "Assembly-CSharp.csproj", "{0CAC8881-4CF4-A7FF-ADD4-4C2F5DBECBCF}"
EndProject
Project("{FAE04EC0-301F-11D3-BF4B-00C04F79EFBC}") = "Assembly-CSharp-firstpass", "Assembly-CSharp-firstpass.csproj", "{019505B7-D838-E8F7-B614-BF3DC91202AE}"
EndProject
Global
	GlobalSection(SolutionConfigurationPlatforms) = preSolution
		Debug|Any CPU = Debug|Any CPU
		Release|Any CPU = Release|Any CPU
	EndGlobalSection
	GlobalSection(ProjectConfigurationPlatforms) = postSolution
		{0CAC8881-4CF4-A7FF-ADD4-4C2F5DBECBCF}.Debug|Any CPU.ActiveCfg = Debug|Any CPU
		{0CAC8881-4CF4-A7FF-ADD4-4C2F5DBECBCF}.Debug|Any CPU.Build.0 = Debug|Any CPU
		{0CAC8881-4CF4-A7FF-ADD4-4C2F5DBECBCF}.Release|Any CPU.ActiveCfg = Release|Any CPU
		{0CAC8881-4CF4-A7FF-ADD4-4C2F5DBECBCF}.Release|Any CPU.Build.0 = Release|Any CPU
		{019505B7-D838-E8F7-B614-BF3DC91202AE}.Debug|Any CPU.ActiveCfg = Debug|Any CPU
		{019505B7-D838-E8F7-B614-BF3DC91202AE}.Debug|Any CPU.Build.0 = Debug|Any CPU
		{019505B7-D838-E8F7-B614-BF3DC91202AE}.Release|Any CPU.ActiveCfg = Release|Any CPU
		{019505B7-D838-E8F7-B614-BF3DC91202AE}.Release|Any CPU.Build.0 = Release|Any CPU
	EndGlobalSection
	GlobalSection(SolutionProperties) = preSolution
		HideSolutionNode = FALSE
	EndGlobalSection
EndGlobal
